// !$*UTF8*$!
{
	archiveVersion = 1;
	classes = {
	};
	objectVersion = 46;
	objects = {

/* Begin PBXBuildFile section */
		36AC451313A121EB0054B8E6 /* UIKit.framework in Frameworks */ = {isa = PBXBuildFile; fileRef = 36AC451213A121EB0054B8E6 /* UIKit.framework */; };
		36AC451513A121EB0054B8E6 /* Foundation.framework in Frameworks */ = {isa = PBXBuildFile; fileRef = 36AC451413A121EB0054B8E6 /* Foundation.framework */; };
		36AC451713A121EB0054B8E6 /* CoreGraphics.framework in Frameworks */ = {isa = PBXBuildFile; fileRef = 36AC451613A121EB0054B8E6 /* CoreGraphics.framework */; };
		36AC451D13A121EB0054B8E6 /* InfoPlist.strings in Resources */ = {isa = PBXBuildFile; fileRef = 36AC451B13A121EB0054B8E6 /* InfoPlist.strings */; };
		36AC452013A121EB0054B8E6 /* main.m in Sources */ = {isa = PBXBuildFile; fileRef = 36AC451F13A121EB0054B8E6 /* main.m */; };
		36AC452313A121EB0054B8E6 /* FeedMe_HDAppDelegate.m in Sources */ = {isa = PBXBuildFile; fileRef = 36AC452213A121EB0054B8E6 /* FeedMe_HDAppDelegate.m */; };
		36AC452613A121EB0054B8E6 /* MainWindow.xib in Resources */ = {isa = PBXBuildFile; fileRef = 36AC452413A121EB0054B8E6 /* MainWindow.xib */; };
		36AC452913A121EB0054B8E6 /* FeedMe_HDViewController.m in Sources */ = {isa = PBXBuildFile; fileRef = 36AC452813A121EB0054B8E6 /* FeedMe_HDViewController.m */; };
		36AC452C13A121EB0054B8E6 /* FeedMe_HDViewController.xib in Resources */ = {isa = PBXBuildFile; fileRef = 36AC452A13A121EB0054B8E6 /* FeedMe_HDViewController.xib */; };
/* End PBXBuildFile section */

/* Begin PBXFileReference section */
		36AC450E13A121EB0054B8E6 /* FeedMe HD.app */ = {isa = PBXFileReference; explicitFileType = wrapper.application; includeInIndex = 0; path = "FeedMe HD.app"; sourceTree = BUILT_PRODUCTS_DIR; };
		36AC451213A121EB0054B8E6 /* UIKit.framework */ = {isa = PBXFileReference; lastKnownFileType = wrapper.framework; name = UIKit.framework; path = System/Library/Frameworks/UIKit.framework; sourceTree = SDKROOT; };
		36AC451413A121EB0054B8E6 /* Foundation.framework */ = {isa = PBXFileReference; lastKnownFileType = wrapper.framework; name = Foundation.framework; path = System/Library/Frameworks/Foundation.framework; sourceTree = SDKROOT; };
		36AC451613A121EB0054B8E6 /* CoreGraphics.framework */ = {isa = PBXFileReference; lastKnownFileType = wrapper.framework; name = CoreGraphics.framework; path = System/Library/Frameworks/CoreGraphics.framework; sourceTree = SDKROOT; };
		36AC451A13A121EB0054B8E6 /* FeedMe HD-Info.plist */ = {isa = PBXFileReference; path = "FeedMe HD-Info.plist"; sourceTree = "<group>"; };
		36AC451C13A121EB0054B8E6 /* en */ = {isa = PBXFileReference; lastKnownFileType = text.plist.strings; name = en; path = en.lproj/InfoPlist.strings; sourceTree = "<group>"; };
		36AC451E13A121EB0054B8E6 /* FeedMe HD-Prefix.pch */ = {isa = PBXFileReference; path = "FeedMe HD-Prefix.pch"; sourceTree = "<group>"; };
		36AC451F13A121EB0054B8E6 /* main.m */ = {isa = PBXFileReference; lastKnownFileType = sourcecode.c.objc; path = main.m; sourceTree = "<group>"; };
		36AC452113A121EB0054B8E6 /* FeedMe_HDAppDelegate.h */ = {isa = PBXFileReference; path = FeedMe_HDAppDelegate.h; sourceTree = "<group>"; };
		36AC452213A121EB0054B8E6 /* FeedMe_HDAppDelegate.m */ = {isa = PBXFileReference; lastKnownFileType = sourcecode.c.objc; path = FeedMe_HDAppDelegate.m; sourceTree = "<group>"; };
		36AC452513A121EB0054B8E6 /* en */ = {isa = PBXFileReference; lastKnownFileType = file.xib; name = en; path = en.lproj/MainWindow.xib; sourceTree = "<group>"; };
		36AC452713A121EB0054B8E6 /* FeedMe_HDViewController.h */ = {isa = PBXFileReference; path = FeedMe_HDViewController.h; sourceTree = "<group>"; };
		36AC452813A121EB0054B8E6 /* FeedMe_HDViewController.m */ = {isa = PBXFileReference; lastKnownFileType = sourcecode.c.objc; path = FeedMe_HDViewController.m; sourceTree = "<group>"; };
		36AC452B13A121EB0054B8E6 /* en */ = {isa = PBXFileReference; lastKnownFileType = file.xib; name = en; path = en.lproj/FeedMe_HDViewController.xib; sourceTree = "<group>"; };
/* End PBXFileReference section */

/* Begin PBXFrameworksBuildPhase section */
		36AC450B13A121EB0054B8E6 /* Frameworks */ = {
			isa = PBXFrameworksBuildPhase;
			buildActionMask = 2147483647;
			files = (
				36AC451313A121EB0054B8E6 /* UIKit.framework in Frameworks */,
				36AC451513A121EB0054B8E6 /* Foundation.framework in Frameworks */,
				36AC451713A121EB0054B8E6 /* CoreGraphics.framework in Frameworks */,
			);
			runOnlyForDeploymentPostprocessing = 0;
		};
/* End PBXFrameworksBuildPhase section */

/* Begin PBXGroup section */
		36AC450313A121EB0054B8E6 = {
			isa = PBXGroup;
			children = (
				36AC451813A121EB0054B8E6 /* FeedMe HD */,
				36AC451113A121EB0054B8E6 /* Frameworks */,
				36AC450F13A121EB0054B8E6 /* Products */,
			);
			sourceTree = "<group>";
		};
		36AC450F13A121EB0054B8E6 /* Products */ = {
			isa = PBXGroup;
			children = (
				36AC450E13A121EB0054B8E6 /* FeedMe HD.app */,
			);
			name = Products;
			sourceTree = "<group>";
		};
		36AC451113A121EB0054B8E6 /* Frameworks */ = {
			isa = PBXGroup;
			children = (
				36AC451213A121EB0054B8E6 /* UIKit.framework */,
				36AC451413A121EB0054B8E6 /* Foundation.framework */,
				36AC451613A121EB0054B8E6 /* CoreGraphics.framework */,
			);
			name = Frameworks;
			sourceTree = "<group>";
		};
		36AC451813A121EB0054B8E6 /* FeedMe HD */ = {
			isa = PBXGroup;
			children = (
				36AC452113A121EB0054B8E6 /* FeedMe_HDAppDelegate.h */,
				36AC452213A121EB0054B8E6 /* FeedMe_HDAppDelegate.m */,
				36AC452413A121EB0054B8E6 /* MainWindow.xib */,
				36AC452713A121EB0054B8E6 /* FeedMe_HDViewController.h */,
				36AC452813A121EB0054B8E6 /* FeedMe_HDViewController.m */,
				36AC452A13A121EB0054B8E6 /* FeedMe_HDViewController.xib */,
				36AC451913A121EB0054B8E6 /* Supporting Files */,
			);
			path = "FeedMe HD";
			sourceTree = "<group>";
		};
		36AC451913A121EB0054B8E6 /* Supporting Files */ = {
			isa = PBXGroup;
			children = (
				36AC451A13A121EB0054B8E6 /* FeedMe HD-Info.plist */,
				36AC451B13A121EB0054B8E6 /* InfoPlist.strings */,
				36AC451E13A121EB0054B8E6 /* FeedMe HD-Prefix.pch */,
				36AC451F13A121EB0054B8E6 /* main.m */,
			);
			name = "Supporting Files";
			sourceTree = "<group>";
		};
/* End PBXGroup section */

/* Begin PBXNativeTarget section */
		36AC450D13A121EB0054B8E6 /* FeedMe HD */ = {
			isa = PBXNativeTarget;
			buildConfigurationList = 36AC452F13A121EB0054B8E6 /* Build configuration list for PBXNativeTarget "FeedMe HD" */;
			buildPhases = (
				36AC450A13A121EB0054B8E6 /* Sources */,
				36AC450B13A121EB0054B8E6 /* Frameworks */,
				36AC450C13A121EB0054B8E6 /* Resources */,
			);
			buildRules = (
			);
			dependencies = (
			);
			name = "FeedMe HD";
			productName = "FeedMe HD";
			productReference = 36AC450E13A121EB0054B8E6 /* FeedMe HD.app */;
			productType = "com.apple.product-type.application";
		};
/* End PBXNativeTarget section */

/* Begin PBXProject section */
		36AC450513A121EB0054B8E6 /* Project object */ = {
			isa = PBXProject;
			attributes = {
				ORGANIZATIONNAME = Apocope;
			};
			buildConfigurationList = 36AC450813A121EB0054B8E6 /* Build configuration list for PBXProject "FeedMe HD" */;
			compatibilityVersion = "Xcode 3.2";
			developmentRegion = English;
			hasScannedForEncodings = 0;
			knownRegions = (
				en,
			);
			mainGroup = 36AC450313A121EB0054B8E6;
			productRefGroup = 36AC450F13A121EB0054B8E6 /* Products */;
			projectDirPath = "";
			projectRoot = "";
			targets = (
				36AC450D13A121EB0054B8E6 /* FeedMe HD */,
			);
		};
/* End PBXProject section */

/* Begin PBXResourcesBuildPhase section */
		36AC450C13A121EB0054B8E6 /* Resources */ = {
			isa = PBXResourcesBuildPhase;
			buildActionMask = 2147483647;
			files = (
				36AC451D13A121EB0054B8E6 /* InfoPlist.strings in Resources */,
				36AC452613A121EB0054B8E6 /* MainWindow.xib in Resources */,
				36AC452C13A121EB0054B8E6 /* FeedMe_HDViewController.xib in Resources */,
			);
			runOnlyForDeploymentPostprocessing = 0;
		};
/* End PBXResourcesBuildPhase section */

/* Begin PBXSourcesBuildPhase section */
		36AC450A13A121EB0054B8E6 /* Sources */ = {
			isa = PBXSourcesBuildPhase;
			buildActionMask = 2147483647;
			files = (
				36AC452013A121EB0054B8E6 /* main.m in Sources */,
				36AC452313A121EB0054B8E6 /* FeedMe_HDAppDelegate.m in Sources */,
				36AC452913A121EB0054B8E6 /* FeedMe_HDViewController.m in Sources */,
			);
			runOnlyForDeploymentPostprocessing = 0;
		};
/* End PBXSourcesBuildPhase section */

/* Begin PBXVariantGroup section */
		36AC451B13A121EB0054B8E6 /* InfoPlist.strings */ = {
			isa = PBXVariantGroup;
			children = (
				36AC451C13A121EB0054B8E6 /* en */,
			);
			name = InfoPlist.strings;
			sourceTree = "<group>";
		};
		36AC452413A121EB0054B8E6 /* MainWindow.xib */ = {
			isa = PBXVariantGroup;
			children = (
				36AC452513A121EB0054B8E6 /* en */,
			);
			name = MainWindow.xib;
			sourceTree = "<group>";
		};
		36AC452A13A121EB0054B8E6 /* FeedMe_HDViewController.xib */ = {
			isa = PBXVariantGroup;
			children = (
				36AC452B13A121EB0054B8E6 /* en */,
			);
			name = FeedMe_HDViewController.xib;
			sourceTree = "<group>";
		};
/* End PBXVariantGroup section */

/* Begin XCBuildConfiguration section */
		36AC452D13A121EB0054B8E6 /* Debug */ = {
			isa = XCBuildConfiguration;
			buildSettings = {
				ARCHS = "$(ARCHS_UNIVERSAL_IPHONE_OS)";
				"CODE_SIGN_IDENTITY[sdk=iphoneos*]" = "iPhone Developer";
				GCC_C_LANGUAGE_STANDARD = gnu99;
				GCC_OPTIMIZATION_LEVEL = 0;
				GCC_PREPROCESSOR_DEFINITIONS = DEBUG;
				GCC_SYMBOLS_PRIVATE_EXTERN = NO;
				GCC_VERSION = com.apple.compilers.llvmgcc42;
				GCC_WARN_ABOUT_RETURN_TYPE = YES;
				GCC_WARN_UNUSED_VARIABLE = YES;
				IPHONEOS_DEPLOYMENT_TARGET = 4.3;
				SDKROOT = iphoneos;
				TARGETED_DEVICE_FAMILY = 2;
			};
			name = Debug;
		};
		36AC452E13A121EB0054B8E6 /* Release */ = {
			isa = XCBuildConfiguration;
			buildSettings = {
				ARCHS = "$(ARCHS_UNIVERSAL_IPHONE_OS)";
				"CODE_SIGN_IDENTITY[sdk=iphoneos*]" = "iPhone Developer";
				GCC_C_LANGUAGE_STANDARD = gnu99;
				GCC_VERSION = com.apple.compilers.llvmgcc42;
				GCC_WARN_ABOUT_RETURN_TYPE = YES;
				GCC_WARN_UNUSED_VARIABLE = YES;
				IPHONEOS_DEPLOYMENT_TARGET = 4.3;
				OTHER_CFLAGS = "-DNS_BLOCK_ASSERTIONS=1";
				SDKROOT = iphoneos;
				TARGETED_DEVICE_FAMILY = 2;
			};
			name = Release;
		};
		36AC453013A121EB0054B8E6 /* Debug */ = {
			isa = XCBuildConfiguration;
			buildSettings = {
				ALWAYS_SEARCH_USER_PATHS = NO;
				COPY_PHASE_STRIP = NO;
				GCC_DYNAMIC_NO_PIC = NO;
				GCC_PRECOMPILE_PREFIX_HEADER = YES;
				GCC_PREFIX_HEADER = "FeedMe HD/FeedMe HD-Prefix.pch";
				INFOPLIST_FILE = "FeedMe HD/FeedMe HD-Info.plist";
				PRODUCT_NAME = "$(TARGET_NAME)";
				WRAPPER_EXTENSION = app;
			};
			name = Debug;
		};
		36AC453113A121EB0054B8E6 /* Release */ = {
			isa = XCBuildConfiguration;
			buildSettings = {
				ALWAYS_SEARCH_USER_PATHS = NO;
				COPY_PHASE_STRIP = YES;
				GCC_PRECOMPILE_PREFIX_HEADER = YES;
				GCC_PREFIX_HEADER = "FeedMe HD/FeedMe HD-Prefix.pch";
				INFOPLIST_FILE = "FeedMe HD/FeedMe HD-Info.plist";
				PRODUCT_NAME = "$(TARGET_NAME)";
				VALIDATE_PRODUCT = YES;
				WRAPPER_EXTENSION = app;
			};
			name = Release;
		};
/* End XCBuildConfiguration section */

/* Begin XCConfigurationList section */
		36AC450813A121EB0054B8E6 /* Build configuration list for PBXProject "FeedMe HD" */ = {
			isa = XCConfigurationList;
			buildConfigurations = (
				36AC452D13A121EB0054B8E6 /* Debug */,
				36AC452E13A121EB0054B8E6 /* Release */,
			);
			defaultConfigurationIsVisible = 0;
			defaultConfigurationName = Release;
		};
		36AC452F13A121EB0054B8E6 /* Build configuration list for PBXNativeTarget "FeedMe HD" */ = {
			isa = XCConfigurationList;
			buildConfigurations = (
				36AC453013A121EB0054B8E6 /* Debug */,
				36AC453113A121EB0054B8E6 /* Release */,
			);
			defaultConfigurationIsVisible = 0;
		};
/* End XCConfigurationList section */
	};
	rootObject = 36AC450513A121EB0054B8E6 /* Project object */;
}
